// !$*UTF8*$!
{
	archiveVersion = 1;
	classes = {
	};
	objectVersion = 51;
	objects = {

/* Begin PBXBuildFile section */
		70D2CB60AABC2F4E512C2CAC /* Pods_SteamStatisticsTests.framework in Frameworks */ = {isa = PBXBuildFile; fileRef = A72A6EEFE75D4B231B92C930 /* Pods_SteamStatisticsTests.framework */; };
		8F5CE73523939CF800819162 /* R.generated.swift in Sources */ = {isa = PBXBuildFile; fileRef = 8F5CE73423939CF800819162 /* R.generated.swift */; };
		8F5CE73823939D8E00819162 /* Localizable.strings in Resources */ = {isa = PBXBuildFile; fileRef = 8F5CE73A23939D8E00819162 /* Localizable.strings */; };
		8F6190FC23939A3D0038CBA8 /* AppDelegate.swift in Sources */ = {isa = PBXBuildFile; fileRef = 8F6190FB23939A3D0038CBA8 /* AppDelegate.swift */; };
		8F6190FE23939A3D0038CBA8 /* SceneDelegate.swift in Sources */ = {isa = PBXBuildFile; fileRef = 8F6190FD23939A3D0038CBA8 /* SceneDelegate.swift */; };
		8F61910023939A3D0038CBA8 /* ViewController.swift in Sources */ = {isa = PBXBuildFile; fileRef = 8F6190FF23939A3D0038CBA8 /* ViewController.swift */; };
		8F61910323939A3D0038CBA8 /* Main.storyboard in Resources */ = {isa = PBXBuildFile; fileRef = 8F61910123939A3D0038CBA8 /* Main.storyboard */; };
		8F61910623939A3D0038CBA8 /* SteamStatistics.xcdatamodeld in Sources */ = {isa = PBXBuildFile; fileRef = 8F61910423939A3D0038CBA8 /* SteamStatistics.xcdatamodeld */; };
		8F61910823939A3E0038CBA8 /* Assets.xcassets in Resources */ = {isa = PBXBuildFile; fileRef = 8F61910723939A3E0038CBA8 /* Assets.xcassets */; };
		8F61910B23939A3E0038CBA8 /* LaunchScreen.storyboard in Resources */ = {isa = PBXBuildFile; fileRef = 8F61910923939A3E0038CBA8 /* LaunchScreen.storyboard */; };
		8F61911623939A3E0038CBA8 /* SteamStatisticsTests.swift in Sources */ = {isa = PBXBuildFile; fileRef = 8F61911523939A3E0038CBA8 /* SteamStatisticsTests.swift */; };
		8F61912123939A3E0038CBA8 /* SteamStatisticsUITests.swift in Sources */ = {isa = PBXBuildFile; fileRef = 8F61912023939A3E0038CBA8 /* SteamStatisticsUITests.swift */; };
		E01577B307FFBD9846F2A935 /* Pods_SteamStatistics.framework in Frameworks */ = {isa = PBXBuildFile; fileRef = BAB2DF0FAC8827AD705C36DA /* Pods_SteamStatistics.framework */; };
		F14C7053E62A6F0B07AF0056 /* Pods_SteamStatisticsUITests.framework in Frameworks */ = {isa = PBXBuildFile; fileRef = 0CB5D3184D4E0A285295EB40 /* Pods_SteamStatisticsUITests.framework */; };
/* End PBXBuildFile section */

/* Begin PBXContainerItemProxy section */
		8F61911223939A3E0038CBA8 /* PBXContainerItemProxy */ = {
			isa = PBXContainerItemProxy;
			containerPortal = 8F6190F023939A3D0038CBA8 /* Project object */;
			proxyType = 1;
			remoteGlobalIDString = 8F6190F723939A3D0038CBA8;
			remoteInfo = SteamStatistics;
		};
		8F61911D23939A3E0038CBA8 /* PBXContainerItemProxy */ = {
			isa = PBXContainerItemProxy;
			containerPortal = 8F6190F023939A3D0038CBA8 /* Project object */;
			proxyType = 1;
			remoteGlobalIDString = 8F6190F723939A3D0038CBA8;
			remoteInfo = SteamStatistics;
		};
/* End PBXContainerItemProxy section */

/* Begin PBXFileReference section */
		0CB5D3184D4E0A285295EB40 /* Pods_SteamStatisticsUITests.framework */ = {isa = PBXFileReference; explicitFileType = wrapper.framework; includeInIndex = 0; path = Pods_SteamStatisticsUITests.framework; sourceTree = BUILT_PRODUCTS_DIR; };
		0FA5F15781075190E74199BD /* Pods-SteamStatisticsUITests.release.xcconfig */ = {isa = PBXFileReference; includeInIndex = 1; lastKnownFileType = text.xcconfig; name = "Pods-SteamStatisticsUITests.release.xcconfig"; path = "Target Support Files/Pods-SteamStatisticsUITests/Pods-SteamStatisticsUITests.release.xcconfig"; sourceTree = "<group>"; };
		122B6ECFE511EE71F37CED06 /* Pods-SteamStatistics.release.xcconfig */ = {isa = PBXFileReference; includeInIndex = 1; lastKnownFileType = text.xcconfig; name = "Pods-SteamStatistics.release.xcconfig"; path = "Target Support Files/Pods-SteamStatistics/Pods-SteamStatistics.release.xcconfig"; sourceTree = "<group>"; };
		625281EA962CAACA11C635F1 /* Pods-SteamStatisticsUITests.debug.xcconfig */ = {isa = PBXFileReference; includeInIndex = 1; lastKnownFileType = text.xcconfig; name = "Pods-SteamStatisticsUITests.debug.xcconfig"; path = "Target Support Files/Pods-SteamStatisticsUITests/Pods-SteamStatisticsUITests.debug.xcconfig"; sourceTree = "<group>"; };
		6DCF47E10A08132BA9D555BC /* Pods-SteamStatisticsTests.release.xcconfig */ = {isa = PBXFileReference; includeInIndex = 1; lastKnownFileType = text.xcconfig; name = "Pods-SteamStatisticsTests.release.xcconfig"; path = "Target Support Files/Pods-SteamStatisticsTests/Pods-SteamStatisticsTests.release.xcconfig"; sourceTree = "<group>"; };
		8F5CE73423939CF800819162 /* R.generated.swift */ = {isa = PBXFileReference; fileEncoding = 4; lastKnownFileType = sourcecode.swift; path = R.generated.swift; sourceTree = "<group>"; };
		8F5CE73923939D8E00819162 /* en */ = {isa = PBXFileReference; lastKnownFileType = text.plist.strings; name = en; path = en.lproj/Localizable.strings; sourceTree = "<group>"; };
		8F6190F823939A3D0038CBA8 /* SteamStatistics.app */ = {isa = PBXFileReference; explicitFileType = wrapper.application; includeInIndex = 0; path = SteamStatistics.app; sourceTree = BUILT_PRODUCTS_DIR; };
		8F6190FB23939A3D0038CBA8 /* AppDelegate.swift */ = {isa = PBXFileReference; lastKnownFileType = sourcecode.swift; path = AppDelegate.swift; sourceTree = "<group>"; };
		8F6190FD23939A3D0038CBA8 /* SceneDelegate.swift */ = {isa = PBXFileReference; lastKnownFileType = sourcecode.swift; path = SceneDelegate.swift; sourceTree = "<group>"; };
		8F6190FF23939A3D0038CBA8 /* ViewController.swift */ = {isa = PBXFileReference; lastKnownFileType = sourcecode.swift; path = ViewController.swift; sourceTree = "<group>"; };
		8F61910223939A3D0038CBA8 /* Base */ = {isa = PBXFileReference; lastKnownFileType = file.storyboard; name = Base; path = Base.lproj/Main.storyboard; sourceTree = "<group>"; };
		8F61910523939A3D0038CBA8 /* SteamStatistics.xcdatamodel */ = {isa = PBXFileReference; lastKnownFileType = wrapper.xcdatamodel; path = SteamStatistics.xcdatamodel; sourceTree = "<group>"; };
		8F61910723939A3E0038CBA8 /* Assets.xcassets */ = {isa = PBXFileReference; lastKnownFileType = folder.assetcatalog; path = Assets.xcassets; sourceTree = "<group>"; };
		8F61910A23939A3E0038CBA8 /* Base */ = {isa = PBXFileReference; lastKnownFileType = file.storyboard; name = Base; path = Base.lproj/LaunchScreen.storyboard; sourceTree = "<group>"; };
		8F61910C23939A3E0038CBA8 /* Info.plist */ = {isa = PBXFileReference; lastKnownFileType = text.plist.xml; path = Info.plist; sourceTree = "<group>"; };
		8F61911123939A3E0038CBA8 /* SteamStatisticsTests.xctest */ = {isa = PBXFileReference; explicitFileType = wrapper.cfbundle; includeInIndex = 0; path = SteamStatisticsTests.xctest; sourceTree = BUILT_PRODUCTS_DIR; };
		8F61911523939A3E0038CBA8 /* SteamStatisticsTests.swift */ = {isa = PBXFileReference; lastKnownFileType = sourcecode.swift; path = SteamStatisticsTests.swift; sourceTree = "<group>"; };
		8F61911723939A3E0038CBA8 /* Info.plist */ = {isa = PBXFileReference; lastKnownFileType = text.plist.xml; path = Info.plist; sourceTree = "<group>"; };
		8F61911C23939A3E0038CBA8 /* SteamStatisticsUITests.xctest */ = {isa = PBXFileReference; explicitFileType = wrapper.cfbundle; includeInIndex = 0; path = SteamStatisticsUITests.xctest; sourceTree = BUILT_PRODUCTS_DIR; };
		8F61912023939A3E0038CBA8 /* SteamStatisticsUITests.swift */ = {isa = PBXFileReference; lastKnownFileType = sourcecode.swift; path = SteamStatisticsUITests.swift; sourceTree = "<group>"; };
		8F61912223939A3E0038CBA8 /* Info.plist */ = {isa = PBXFileReference; lastKnownFileType = text.plist.xml; path = Info.plist; sourceTree = "<group>"; };
		900ECBA40881F7B83E2FF768 /* Pods-SteamStatisticsTests.debug.xcconfig */ = {isa = PBXFileReference; includeInIndex = 1; lastKnownFileType = text.xcconfig; name = "Pods-SteamStatisticsTests.debug.xcconfig"; path = "Target Support Files/Pods-SteamStatisticsTests/Pods-SteamStatisticsTests.debug.xcconfig"; sourceTree = "<group>"; };
		A72A6EEFE75D4B231B92C930 /* Pods_SteamStatisticsTests.framework */ = {isa = PBXFileReference; explicitFileType = wrapper.framework; includeInIndex = 0; path = Pods_SteamStatisticsTests.framework; sourceTree = BUILT_PRODUCTS_DIR; };
		BAB2DF0FAC8827AD705C36DA /* Pods_SteamStatistics.framework */ = {isa = PBXFileReference; explicitFileType = wrapper.framework; includeInIndex = 0; path = Pods_SteamStatistics.framework; sourceTree = BUILT_PRODUCTS_DIR; };
		DA0E3C1659540B25A458D3C0 /* Pods-SteamStatistics.debug.xcconfig */ = {isa = PBXFileReference; includeInIndex = 1; lastKnownFileType = text.xcconfig; name = "Pods-SteamStatistics.debug.xcconfig"; path = "Target Support Files/Pods-SteamStatistics/Pods-SteamStatistics.debug.xcconfig"; sourceTree = "<group>"; };
/* End PBXFileReference section */

/* Begin PBXFrameworksBuildPhase section */
		8F6190F523939A3D0038CBA8 /* Frameworks */ = {
			isa = PBXFrameworksBuildPhase;
			buildActionMask = 2147483647;
			files = (
				E01577B307FFBD9846F2A935 /* Pods_SteamStatistics.framework in Frameworks */,
			);
			runOnlyForDeploymentPostprocessing = 0;
		};
		8F61910E23939A3E0038CBA8 /* Frameworks */ = {
			isa = PBXFrameworksBuildPhase;
			buildActionMask = 2147483647;
			files = (
				70D2CB60AABC2F4E512C2CAC /* Pods_SteamStatisticsTests.framework in Frameworks */,
			);
			runOnlyForDeploymentPostprocessing = 0;
		};
		8F61911923939A3E0038CBA8 /* Frameworks */ = {
			isa = PBXFrameworksBuildPhase;
			buildActionMask = 2147483647;
			files = (
				F14C7053E62A6F0B07AF0056 /* Pods_SteamStatisticsUITests.framework in Frameworks */,
			);
			runOnlyForDeploymentPostprocessing = 0;
		};
/* End PBXFrameworksBuildPhase section */

/* Begin PBXGroup section */
		075A94442EAA7B0BB6EDC2B1 /* Frameworks */ = {
			isa = PBXGroup;
			children = (
				BAB2DF0FAC8827AD705C36DA /* Pods_SteamStatistics.framework */,
				A72A6EEFE75D4B231B92C930 /* Pods_SteamStatisticsTests.framework */,
				0CB5D3184D4E0A285295EB40 /* Pods_SteamStatisticsUITests.framework */,
			);
			name = Frameworks;
			sourceTree = "<group>";
		};
		8F6190EF23939A3D0038CBA8 = {
			isa = PBXGroup;
			children = (
				8F6190FA23939A3D0038CBA8 /* SteamStatistics */,
				8F61911423939A3E0038CBA8 /* SteamStatisticsTests */,
				8F61911F23939A3E0038CBA8 /* SteamStatisticsUITests */,
				8F6190F923939A3D0038CBA8 /* Products */,
				D709CCE9CF8D9A540BD81EA1 /* Pods */,
				075A94442EAA7B0BB6EDC2B1 /* Frameworks */,
				8F5CE73423939CF800819162 /* R.generated.swift */,
			);
			sourceTree = "<group>";
		};
		8F6190F923939A3D0038CBA8 /* Products */ = {
			isa = PBXGroup;
			children = (
				8F6190F823939A3D0038CBA8 /* SteamStatistics.app */,
				8F61911123939A3E0038CBA8 /* SteamStatisticsTests.xctest */,
				8F61911C23939A3E0038CBA8 /* SteamStatisticsUITests.xctest */,
			);
			name = Products;
			sourceTree = "<group>";
		};
		8F6190FA23939A3D0038CBA8 /* SteamStatistics */ = {
			isa = PBXGroup;
			children = (
				8F6190FB23939A3D0038CBA8 /* AppDelegate.swift */,
				8F6190FD23939A3D0038CBA8 /* SceneDelegate.swift */,
				8F6190FF23939A3D0038CBA8 /* ViewController.swift */,
				8F61910123939A3D0038CBA8 /* Main.storyboard */,
				8F61910723939A3E0038CBA8 /* Assets.xcassets */,
				8F61910923939A3E0038CBA8 /* LaunchScreen.storyboard */,
				8F61910C23939A3E0038CBA8 /* Info.plist */,
				8F61910423939A3D0038CBA8 /* SteamStatistics.xcdatamodeld */,
				8F5CE73A23939D8E00819162 /* Localizable.strings */,
			);
			path = SteamStatistics;
			sourceTree = "<group>";
		};
		8F61911423939A3E0038CBA8 /* SteamStatisticsTests */ = {
			isa = PBXGroup;
			children = (
				8F61911523939A3E0038CBA8 /* SteamStatisticsTests.swift */,
				8F61911723939A3E0038CBA8 /* Info.plist */,
			);
			path = SteamStatisticsTests;
			sourceTree = "<group>";
		};
		8F61911F23939A3E0038CBA8 /* SteamStatisticsUITests */ = {
			isa = PBXGroup;
			children = (
				8F61912023939A3E0038CBA8 /* SteamStatisticsUITests.swift */,
				8F61912223939A3E0038CBA8 /* Info.plist */,
			);
			path = SteamStatisticsUITests;
			sourceTree = "<group>";
		};
		D709CCE9CF8D9A540BD81EA1 /* Pods */ = {
			isa = PBXGroup;
			children = (
				DA0E3C1659540B25A458D3C0 /* Pods-SteamStatistics.debug.xcconfig */,
				122B6ECFE511EE71F37CED06 /* Pods-SteamStatistics.release.xcconfig */,
				900ECBA40881F7B83E2FF768 /* Pods-SteamStatisticsTests.debug.xcconfig */,
				6DCF47E10A08132BA9D555BC /* Pods-SteamStatisticsTests.release.xcconfig */,
				625281EA962CAACA11C635F1 /* Pods-SteamStatisticsUITests.debug.xcconfig */,
				0FA5F15781075190E74199BD /* Pods-SteamStatisticsUITests.release.xcconfig */,
			);
			path = Pods;
			sourceTree = "<group>";
		};
/* End PBXGroup section */

/* Begin PBXNativeTarget section */
		8F6190F723939A3D0038CBA8 /* SteamStatistics */ = {
			isa = PBXNativeTarget;
			buildConfigurationList = 8F61912523939A3E0038CBA8 /* Build configuration list for PBXNativeTarget "SteamStatistics" */;
			buildPhases = (
				72AECA2770579AEAFE52075A /* [CP] Check Pods Manifest.lock */,
				8F5CE73123939C3900819162 /* R.swift */,
				8F6190F423939A3D0038CBA8 /* Sources */,
				8F6190F523939A3D0038CBA8 /* Frameworks */,
				8F6190F623939A3D0038CBA8 /* Resources */,
				3B1A3237C67B412F8477BC44 /* [CP] Embed Pods Frameworks */,
			);
			buildRules = (
			);
			dependencies = (
			);
			name = SteamStatistics;
			productName = SteamStatistics;
			productReference = 8F6190F823939A3D0038CBA8 /* SteamStatistics.app */;
			productType = "com.apple.product-type.application";
		};
		8F61911023939A3E0038CBA8 /* SteamStatisticsTests */ = {
			isa = PBXNativeTarget;
			buildConfigurationList = 8F61912823939A3E0038CBA8 /* Build configuration list for PBXNativeTarget "SteamStatisticsTests" */;
			buildPhases = (
				FB5A9FC93A7D6A56796B66E7 /* [CP] Check Pods Manifest.lock */,
				8F61910D23939A3E0038CBA8 /* Sources */,
				8F61910E23939A3E0038CBA8 /* Frameworks */,
				8F61910F23939A3E0038CBA8 /* Resources */,
			);
			buildRules = (
			);
			dependencies = (
				8F61911323939A3E0038CBA8 /* PBXTargetDependency */,
			);
			name = SteamStatisticsTests;
			productName = SteamStatisticsTests;
			productReference = 8F61911123939A3E0038CBA8 /* SteamStatisticsTests.xctest */;
			productType = "com.apple.product-type.bundle.unit-test";
		};
		8F61911B23939A3E0038CBA8 /* SteamStatisticsUITests */ = {
			isa = PBXNativeTarget;
			buildConfigurationList = 8F61912B23939A3E0038CBA8 /* Build configuration list for PBXNativeTarget "SteamStatisticsUITests" */;
			buildPhases = (
				197A5CE559BDDD1F490B4193 /* [CP] Check Pods Manifest.lock */,
				8F61911823939A3E0038CBA8 /* Sources */,
				8F61911923939A3E0038CBA8 /* Frameworks */,
				8F61911A23939A3E0038CBA8 /* Resources */,
			);
			buildRules = (
			);
			dependencies = (
				8F61911E23939A3E0038CBA8 /* PBXTargetDependency */,
			);
			name = SteamStatisticsUITests;
			productName = SteamStatisticsUITests;
			productReference = 8F61911C23939A3E0038CBA8 /* SteamStatisticsUITests.xctest */;
			productType = "com.apple.product-type.bundle.ui-testing";
		};
/* End PBXNativeTarget section */

/* Begin PBXProject section */
		8F6190F023939A3D0038CBA8 /* Project object */ = {
			isa = PBXProject;
			attributes = {
				LastSwiftUpdateCheck = 1120;
				LastUpgradeCheck = 1120;
				ORGANIZATIONNAME = "Mikhail Muzhev";
				TargetAttributes = {
					8F6190F723939A3D0038CBA8 = {
						CreatedOnToolsVersion = 11.2.1;
					};
					8F61911023939A3E0038CBA8 = {
						CreatedOnToolsVersion = 11.2.1;
						TestTargetID = 8F6190F723939A3D0038CBA8;
					};
					8F61911B23939A3E0038CBA8 = {
						CreatedOnToolsVersion = 11.2.1;
						TestTargetID = 8F6190F723939A3D0038CBA8;
					};
				};
			};
			buildConfigurationList = 8F6190F323939A3D0038CBA8 /* Build configuration list for PBXProject "SteamStatistics" */;
			compatibilityVersion = "Xcode 9.3";
			developmentRegion = en;
			hasScannedForEncodings = 0;
			knownRegions = (
				en,
				Base,
			);
			mainGroup = 8F6190EF23939A3D0038CBA8;
			productRefGroup = 8F6190F923939A3D0038CBA8 /* Products */;
			projectDirPath = "";
			projectRoot = "";
			targets = (
				8F6190F723939A3D0038CBA8 /* SteamStatistics */,
				8F61911023939A3E0038CBA8 /* SteamStatisticsTests */,
				8F61911B23939A3E0038CBA8 /* SteamStatisticsUITests */,
			);
		};
/* End PBXProject section */

/* Begin PBXResourcesBuildPhase section */
		8F6190F623939A3D0038CBA8 /* Resources */ = {
			isa = PBXResourcesBuildPhase;
			buildActionMask = 2147483647;
			files = (
				8F61910B23939A3E0038CBA8 /* LaunchScreen.storyboard in Resources */,
				8F5CE73823939D8E00819162 /* Localizable.strings in Resources */,
				8F61910823939A3E0038CBA8 /* Assets.xcassets in Resources */,
				8F61910323939A3D0038CBA8 /* Main.storyboard in Resources */,
			);
			runOnlyForDeploymentPostprocessing = 0;
		};
		8F61910F23939A3E0038CBA8 /* Resources */ = {
			isa = PBXResourcesBuildPhase;
			buildActionMask = 2147483647;
			files = (
			);
			runOnlyForDeploymentPostprocessing = 0;
		};
		8F61911A23939A3E0038CBA8 /* Resources */ = {
			isa = PBXResourcesBuildPhase;
			buildActionMask = 2147483647;
			files = (
			);
			runOnlyForDeploymentPostprocessing = 0;
		};
/* End PBXResourcesBuildPhase section */

/* Begin PBXShellScriptBuildPhase section */
		197A5CE559BDDD1F490B4193 /* [CP] Check Pods Manifest.lock */ = {
			isa = PBXShellScriptBuildPhase;
			buildActionMask = 2147483647;
			files = (
			);
			inputFileListPaths = (
			);
			inputPaths = (
				"${PODS_PODFILE_DIR_PATH}/Podfile.lock",
				"${PODS_ROOT}/Manifest.lock",
			);
			name = "[CP] Check Pods Manifest.lock";
			outputFileListPaths = (
			);
			outputPaths = (
				"$(DERIVED_FILE_DIR)/Pods-SteamStatisticsUITests-checkManifestLockResult.txt",
			);
			runOnlyForDeploymentPostprocessing = 0;
			shellPath = /bin/sh;
			shellScript = "diff \"${PODS_PODFILE_DIR_PATH}/Podfile.lock\" \"${PODS_ROOT}/Manifest.lock\" > /dev/null\nif [ $? != 0 ] ; then\n    # print error to STDERR\n    echo \"error: The sandbox is not in sync with the Podfile.lock. Run 'pod install' or update your CocoaPods installation.\" >&2\n    exit 1\nfi\n# This output is used by Xcode 'outputs' to avoid re-running this script phase.\necho \"SUCCESS\" > \"${SCRIPT_OUTPUT_FILE_0}\"\n";
			showEnvVarsInLog = 0;
		};
		3B1A3237C67B412F8477BC44 /* [CP] Embed Pods Frameworks */ = {
			isa = PBXShellScriptBuildPhase;
			buildActionMask = 2147483647;
			files = (
			);
			inputFileListPaths = (
				"${PODS_ROOT}/Target Support Files/Pods-SteamStatistics/Pods-SteamStatistics-frameworks-${CONFIGURATION}-input-files.xcfilelist",
			);
			name = "[CP] Embed Pods Frameworks";
			outputFileListPaths = (
				"${PODS_ROOT}/Target Support Files/Pods-SteamStatistics/Pods-SteamStatistics-frameworks-${CONFIGURATION}-output-files.xcfilelist",
			);
			runOnlyForDeploymentPostprocessing = 0;
			shellPath = /bin/sh;
			shellScript = "\"${PODS_ROOT}/Target Support Files/Pods-SteamStatistics/Pods-SteamStatistics-frameworks.sh\"\n";
			showEnvVarsInLog = 0;
		};
		72AECA2770579AEAFE52075A /* [CP] Check Pods Manifest.lock */ = {
			isa = PBXShellScriptBuildPhase;
			buildActionMask = 2147483647;
			files = (
			);
			inputFileListPaths = (
			);
			inputPaths = (
				"${PODS_PODFILE_DIR_PATH}/Podfile.lock",
				"${PODS_ROOT}/Manifest.lock",
			);
			name = "[CP] Check Pods Manifest.lock";
			outputFileListPaths = (
			);
			outputPaths = (
				"$(DERIVED_FILE_DIR)/Pods-SteamStatistics-checkManifestLockResult.txt",
			);
			runOnlyForDeploymentPostprocessing = 0;
			shellPath = /bin/sh;
			shellScript = "diff \"${PODS_PODFILE_DIR_PATH}/Podfile.lock\" \"${PODS_ROOT}/Manifest.lock\" > /dev/null\nif [ $? != 0 ] ; then\n    # print error to STDERR\n    echo \"error: The sandbox is not in sync with the Podfile.lock. Run 'pod install' or update your CocoaPods installation.\" >&2\n    exit 1\nfi\n# This output is used by Xcode 'outputs' to avoid re-running this script phase.\necho \"SUCCESS\" > \"${SCRIPT_OUTPUT_FILE_0}\"\n";
			showEnvVarsInLog = 0;
		};
		8F5CE73123939C3900819162 /* R.swift */ = {
			isa = PBXShellScriptBuildPhase;
			buildActionMask = 2147483647;
			files = (
			);
			inputFileListPaths = (
			);
			inputPaths = (
				"$TEMP_DIR/rswift-lastrun",
			);
			name = R.swift;
			outputFileListPaths = (
			);
			outputPaths = (
				$SRCROOT/R.generated.swift,
			);
			runOnlyForDeploymentPostprocessing = 0;
			shellPath = /bin/sh;
			shellScript = "\"$PODS_ROOT/R.swift/rswift\" generate \"$SRCROOT/R.generated.swift\"\n";
		};
		FB5A9FC93A7D6A56796B66E7 /* [CP] Check Pods Manifest.lock */ = {
			isa = PBXShellScriptBuildPhase;
			buildActionMask = 2147483647;
			files = (
			);
			inputFileListPaths = (
			);
			inputPaths = (
				"${PODS_PODFILE_DIR_PATH}/Podfile.lock",
				"${PODS_ROOT}/Manifest.lock",
			);
			name = "[CP] Check Pods Manifest.lock";
			outputFileListPaths = (
			);
			outputPaths = (
				"$(DERIVED_FILE_DIR)/Pods-SteamStatisticsTests-checkManifestLockResult.txt",
			);
			runOnlyForDeploymentPostprocessing = 0;
			shellPath = /bin/sh;
			shellScript = "diff \"${PODS_PODFILE_DIR_PATH}/Podfile.lock\" \"${PODS_ROOT}/Manifest.lock\" > /dev/null\nif [ $? != 0 ] ; then\n    # print error to STDERR\n    echo \"error: The sandbox is not in sync with the Podfile.lock. Run 'pod install' or update your CocoaPods installation.\" >&2\n    exit 1\nfi\n# This output is used by Xcode 'outputs' to avoid re-running this script phase.\necho \"SUCCESS\" > \"${SCRIPT_OUTPUT_FILE_0}\"\n";
			showEnvVarsInLog = 0;
		};
/* End PBXShellScriptBuildPhase section */

/* Begin PBXSourcesBuildPhase section */
		8F6190F423939A3D0038CBA8 /* Sources */ = {
			isa = PBXSourcesBuildPhase;
			buildActionMask = 2147483647;
			files = (
				8F61910023939A3D0038CBA8 /* ViewController.swift in Sources */,
				8F61910623939A3D0038CBA8 /* SteamStatistics.xcdatamodeld in Sources */,
				8F5CE73523939CF800819162 /* R.generated.swift in Sources */,
				8F6190FC23939A3D0038CBA8 /* AppDelegate.swift in Sources */,
				8F6190FE23939A3D0038CBA8 /* SceneDelegate.swift in Sources */,
			);
			runOnlyForDeploymentPostprocessing = 0;
		};
		8F61910D23939A3E0038CBA8 /* Sources */ = {
			isa = PBXSourcesBuildPhase;
			buildActionMask = 2147483647;
			files = (
				8F61911623939A3E0038CBA8 /* SteamStatisticsTests.swift in Sources */,
			);
			runOnlyForDeploymentPostprocessing = 0;
		};
		8F61911823939A3E0038CBA8 /* Sources */ = {
			isa = PBXSourcesBuildPhase;
			buildActionMask = 2147483647;
			files = (
				8F61912123939A3E0038CBA8 /* SteamStatisticsUITests.swift in Sources */,
			);
			runOnlyForDeploymentPostprocessing = 0;
		};
/* End PBXSourcesBuildPhase section */

/* Begin PBXTargetDependency section */
		8F61911323939A3E0038CBA8 /* PBXTargetDependency */ = {
			isa = PBXTargetDependency;
			target = 8F6190F723939A3D0038CBA8 /* SteamStatistics */;
			targetProxy = 8F61911223939A3E0038CBA8 /* PBXContainerItemProxy */;
		};
		8F61911E23939A3E0038CBA8 /* PBXTargetDependency */ = {
			isa = PBXTargetDependency;
			target = 8F6190F723939A3D0038CBA8 /* SteamStatistics */;
			targetProxy = 8F61911D23939A3E0038CBA8 /* PBXContainerItemProxy */;
		};
/* End PBXTargetDependency section */

/* Begin PBXVariantGroup section */
		8F5CE73A23939D8E00819162 /* Localizable.strings */ = {
			isa = PBXVariantGroup;
			children = (
				8F5CE73923939D8E00819162 /* en */,
			);
			name = Localizable.strings;
			sourceTree = "<group>";
		};
		8F61910123939A3D0038CBA8 /* Main.storyboard */ = {
			isa = PBXVariantGroup;
			children = (
				8F61910223939A3D0038CBA8 /* Base */,
			);
			name = Main.storyboard;
			sourceTree = "<group>";
		};
		8F61910923939A3E0038CBA8 /* LaunchScreen.storyboard */ = {
			isa = PBXVariantGroup;
			children = (
				8F61910A23939A3E0038CBA8 /* Base */,
			);
			name = LaunchScreen.storyboard;
			sourceTree = "<group>";
		};
/* End PBXVariantGroup section */

/* Begin XCBuildConfiguration section */
		8F61912323939A3E0038CBA8 /* Debug */ = {
			isa = XCBuildConfiguration;
			buildSettings = {
				ALWAYS_SEARCH_USER_PATHS = NO;
				CLANG_ANALYZER_NONNULL = YES;
				CLANG_ANALYZER_NUMBER_OBJECT_CONVERSION = YES_AGGRESSIVE;
				CLANG_CXX_LANGUAGE_STANDARD = "gnu++14";
				CLANG_CXX_LIBRARY = "libc++";
				CLANG_ENABLE_MODULES = YES;
				CLANG_ENABLE_OBJC_ARC = YES;
				CLANG_ENABLE_OBJC_WEAK = YES;
				CLANG_WARN_BLOCK_CAPTURE_AUTORELEASING = YES;
				CLANG_WARN_BOOL_CONVERSION = YES;
				CLANG_WARN_COMMA = YES;
				CLANG_WARN_CONSTANT_CONVERSION = YES;
				CLANG_WARN_DEPRECATED_OBJC_IMPLEMENTATIONS = YES;
				CLANG_WARN_DIRECT_OBJC_ISA_USAGE = YES_ERROR;
				CLANG_WARN_DOCUMENTATION_COMMENTS = YES;
				CLANG_WARN_EMPTY_BODY = YES;
				CLANG_WARN_ENUM_CONVERSION = YES;
				CLANG_WARN_INFINITE_RECURSION = YES;
				CLANG_WARN_INT_CONVERSION = YES;
				CLANG_WARN_NON_LITERAL_NULL_CONVERSION = YES;
				CLANG_WARN_OBJC_IMPLICIT_RETAIN_SELF = YES;
				CLANG_WARN_OBJC_LITERAL_CONVERSION = YES;
				CLANG_WARN_OBJC_ROOT_CLASS = YES_ERROR;
				CLANG_WARN_RANGE_LOOP_ANALYSIS = YES;
				CLANG_WARN_STRICT_PROTOTYPES = YES;
				CLANG_WARN_SUSPICIOUS_MOVE = YES;
				CLANG_WARN_UNGUARDED_AVAILABILITY = YES_AGGRESSIVE;
				CLANG_WARN_UNREACHABLE_CODE = YES;
				CLANG_WARN__DUPLICATE_METHOD_MATCH = YES;
				COPY_PHASE_STRIP = NO;
				DEBUG_INFORMATION_FORMAT = dwarf;
				ENABLE_STRICT_OBJC_MSGSEND = YES;
				ENABLE_TESTABILITY = YES;
				GCC_C_LANGUAGE_STANDARD = gnu11;
				GCC_DYNAMIC_NO_PIC = NO;
				GCC_NO_COMMON_BLOCKS = YES;
				GCC_OPTIMIZATION_LEVEL = 0;
				GCC_PREPROCESSOR_DEFINITIONS = (
					"DEBUG=1",
					"$(inherited)",
				);
				GCC_WARN_64_TO_32_BIT_CONVERSION = YES;
				GCC_WARN_ABOUT_RETURN_TYPE = YES_ERROR;
				GCC_WARN_UNDECLARED_SELECTOR = YES;
				GCC_WARN_UNINITIALIZED_AUTOS = YES_AGGRESSIVE;
				GCC_WARN_UNUSED_FUNCTION = YES;
				GCC_WARN_UNUSED_VARIABLE = YES;
				IPHONEOS_DEPLOYMENT_TARGET = 13.2;
				MTL_ENABLE_DEBUG_INFO = INCLUDE_SOURCE;
				MTL_FAST_MATH = YES;
				ONLY_ACTIVE_ARCH = YES;
				SDKROOT = iphoneos;
				SWIFT_ACTIVE_COMPILATION_CONDITIONS = DEBUG;
				SWIFT_OPTIMIZATION_LEVEL = "-Onone";
			};
			name = Debug;
		};
		8F61912423939A3E0038CBA8 /* Release */ = {
			isa = XCBuildConfiguration;
			buildSettings = {
				ALWAYS_SEARCH_USER_PATHS = NO;
				CLANG_ANALYZER_NONNULL = YES;
				CLANG_ANALYZER_NUMBER_OBJECT_CONVERSION = YES_AGGRESSIVE;
				CLANG_CXX_LANGUAGE_STANDARD = "gnu++14";
				CLANG_CXX_LIBRARY = "libc++";
				CLANG_ENABLE_MODULES = YES;
				CLANG_ENABLE_OBJC_ARC = YES;
				CLANG_ENABLE_OBJC_WEAK = YES;
				CLANG_WARN_BLOCK_CAPTURE_AUTORELEASING = YES;
				CLANG_WARN_BOOL_CONVERSION = YES;
				CLANG_WARN_COMMA = YES;
				CLANG_WARN_CONSTANT_CONVERSION = YES;
				CLANG_WARN_DEPRECATED_OBJC_IMPLEMENTATIONS = YES;
				CLANG_WARN_DIRECT_OBJC_ISA_USAGE = YES_ERROR;
				CLANG_WARN_DOCUMENTATION_COMMENTS = YES;
				CLANG_WARN_EMPTY_BODY = YES;
				CLANG_WARN_ENUM_CONVERSION = YES;
				CLANG_WARN_INFINITE_RECURSION = YES;
				CLANG_WARN_INT_CONVERSION = YES;
				CLANG_WARN_NON_LITERAL_NULL_CONVERSION = YES;
				CLANG_WARN_OBJC_IMPLICIT_RETAIN_SELF = YES;
				CLANG_WARN_OBJC_LITERAL_CONVERSION = YES;
				CLANG_WARN_OBJC_ROOT_CLASS = YES_ERROR;
				CLANG_WARN_RANGE_LOOP_ANALYSIS = YES;
				CLANG_WARN_STRICT_PROTOTYPES = YES;
				CLANG_WARN_SUSPICIOUS_MOVE = YES;
				CLANG_WARN_UNGUARDED_AVAILABILITY = YES_AGGRESSIVE;
				CLANG_WARN_UNREACHABLE_CODE = YES;
				CLANG_WARN__DUPLICATE_METHOD_MATCH = YES;
				COPY_PHASE_STRIP = NO;
				DEBUG_INFORMATION_FORMAT = "dwarf-with-dsym";
				ENABLE_NS_ASSERTIONS = NO;
				ENABLE_STRICT_OBJC_MSGSEND = YES;
				GCC_C_LANGUAGE_STANDARD = gnu11;
				GCC_NO_COMMON_BLOCKS = YES;
				GCC_WARN_64_TO_32_BIT_CONVERSION = YES;
				GCC_WARN_ABOUT_RETURN_TYPE = YES_ERROR;
				GCC_WARN_UNDECLARED_SELECTOR = YES;
				GCC_WARN_UNINITIALIZED_AUTOS = YES_AGGRESSIVE;
				GCC_WARN_UNUSED_FUNCTION = YES;
				GCC_WARN_UNUSED_VARIABLE = YES;
				IPHONEOS_DEPLOYMENT_TARGET = 13.2;
				MTL_ENABLE_DEBUG_INFO = NO;
				MTL_FAST_MATH = YES;
				SDKROOT = iphoneos;
				SWIFT_COMPILATION_MODE = wholemodule;
				SWIFT_OPTIMIZATION_LEVEL = "-O";
				VALIDATE_PRODUCT = YES;
			};
			name = Release;
		};
		8F61912623939A3E0038CBA8 /* Debug */ = {
			isa = XCBuildConfiguration;
			baseConfigurationReference = DA0E3C1659540B25A458D3C0 /* Pods-SteamStatistics.debug.xcconfig */;
			buildSettings = {
				ASSETCATALOG_COMPILER_APPICON_NAME = AppIcon;
				CODE_SIGN_IDENTITY = "iPhone Developer";
				CODE_SIGN_STYLE = Manual;
				DEVELOPMENT_TEAM = "";
				INFOPLIST_FILE = SteamStatistics/Info.plist;
				LD_RUNPATH_SEARCH_PATHS = (
					"$(inherited)",
					"@executable_path/Frameworks",
				);
				PRODUCT_BUNDLE_IDENTIFIER = com.mmuzhev.SteamStatistics;
				PRODUCT_NAME = "$(TARGET_NAME)";
				PROVISIONING_PROFILE_SPECIFIER = "";
				SWIFT_VERSION = 5.0;
				TARGETED_DEVICE_FAMILY = "1,2";
			};
			name = Debug;
		};
		8F61912723939A3E0038CBA8 /* Release */ = {
			isa = XCBuildConfiguration;
			baseConfigurationReference = 122B6ECFE511EE71F37CED06 /* Pods-SteamStatistics.release.xcconfig */;
			buildSettings = {
				ASSETCATALOG_COMPILER_APPICON_NAME = AppIcon;
				CODE_SIGN_IDENTITY = "iPhone Developer";
				CODE_SIGN_STYLE = Manual;
				DEVELOPMENT_TEAM = "";
				INFOPLIST_FILE = SteamStatistics/Info.plist;
				LD_RUNPATH_SEARCH_PATHS = (
					"$(inherited)",
					"@executable_path/Frameworks",
				);
				PRODUCT_BUNDLE_IDENTIFIER = com.mmuzhev.SteamStatistics;
				PRODUCT_NAME = "$(TARGET_NAME)";
				PROVISIONING_PROFILE_SPECIFIER = "";
				SWIFT_VERSION = 5.0;
				TARGETED_DEVICE_FAMILY = "1,2";
			};
			name = Release;
		};
		8F61912923939A3E0038CBA8 /* Debug */ = {
			isa = XCBuildConfiguration;
			baseConfigurationReference = 900ECBA40881F7B83E2FF768 /* Pods-SteamStatisticsTests.debug.xcconfig */;
			buildSettings = {
				ALWAYS_EMBED_SWIFT_STANDARD_LIBRARIES = YES;
				BUNDLE_LOADER = "$(TEST_HOST)";
				CODE_SIGN_STYLE = Automatic;
				INFOPLIST_FILE = SteamStatisticsTests/Info.plist;
				IPHONEOS_DEPLOYMENT_TARGET = 13.2;
				LD_RUNPATH_SEARCH_PATHS = (
					"$(inherited)",
					"@executable_path/Frameworks",
					"@loader_path/Frameworks",
				);
				PRODUCT_BUNDLE_IDENTIFIER = com.mmuzhev.SteamStatisticsTests;
				PRODUCT_NAME = "$(TARGET_NAME)";
				SWIFT_VERSION = 5.0;
				TARGETED_DEVICE_FAMILY = "1,2";
				TEST_HOST = "$(BUILT_PRODUCTS_DIR)/SteamStatistics.app/SteamStatistics";
			};
			name = Debug;
		};
		8F61912A23939A3E0038CBA8 /* Release */ = {
			isa = XCBuildConfiguration;
			baseConfigurationReference = 6DCF47E10A08132BA9D555BC /* Pods-SteamStatisticsTests.release.xcconfig */;
			buildSettings = {
				ALWAYS_EMBED_SWIFT_STANDARD_LIBRARIES = YES;
				BUNDLE_LOADER = "$(TEST_HOST)";
				CODE_SIGN_STYLE = Automatic;
				INFOPLIST_FILE = SteamStatisticsTests/Info.plist;
				IPHONEOS_DEPLOYMENT_TARGET = 13.2;
				LD_RUNPATH_SEARCH_PATHS = (
					"$(inherited)",
					"@executable_path/Frameworks",
					"@loader_path/Frameworks",
				);
				PRODUCT_BUNDLE_IDENTIFIER = com.mmuzhev.SteamStatisticsTests;
				PRODUCT_NAME = "$(TARGET_NAME)";
				SWIFT_VERSION = 5.0;
				TARGETED_DEVICE_FAMILY = "1,2";
				TEST_HOST = "$(BUILT_PRODUCTS_DIR)/SteamStatistics.app/SteamStatistics";
			};
			name = Release;
		};
		8F61912C23939A3E0038CBA8 /* Debug */ = {
			isa = XCBuildConfiguration;
			baseConfigurationReference = 625281EA962CAACA11C635F1 /* Pods-SteamStatisticsUITests.debug.xcconfig */;
			buildSettings = {
				ALWAYS_EMBED_SWIFT_STANDARD_LIBRARIES = YES;
				CODE_SIGN_STYLE = Automatic;
				INFOPLIST_FILE = SteamStatisticsUITests/Info.plist;
				LD_RUNPATH_SEARCH_PATHS = (
					"$(inherited)",
					"@executable_path/Frameworks",
					"@loader_path/Frameworks",
				);
				PRODUCT_BUNDLE_IDENTIFIER = com.mmuzhev.SteamStatisticsUITests;
				PRODUCT_NAME = "$(TARGET_NAME)";
				SWIFT_VERSION = 5.0;
				TARGETED_DEVICE_FAMILY = "1,2";
				TEST_TARGET_NAME = SteamStatistics;
			};
			name = Debug;
		};
		8F61912D23939A3E0038CBA8 /* Release */ = {
			isa = XCBuildConfiguration;
			baseConfigurationReference = 0FA5F15781075190E74199BD /* Pods-SteamStatisticsUITests.release.xcconfig */;
			buildSettings = {
				ALWAYS_EMBED_SWIFT_STANDARD_LIBRARIES = YES;
				CODE_SIGN_STYLE = Automatic;
				INFOPLIST_FILE = SteamStatisticsUITests/Info.plist;
				LD_RUNPATH_SEARCH_PATHS = (
					"$(inherited)",
					"@executable_path/Frameworks",
					"@loader_path/Frameworks",
				);
				PRODUCT_BUNDLE_IDENTIFIER = com.mmuzhev.SteamStatisticsUITests;
				PRODUCT_NAME = "$(TARGET_NAME)";
				SWIFT_VERSION = 5.0;
				TARGETED_DEVICE_FAMILY = "1,2";
				TEST_TARGET_NAME = SteamStatistics;
			};
			name = Release;
		};
/* End XCBuildConfiguration section */

/* Begin XCConfigurationList section */
		8F6190F323939A3D0038CBA8 /* Build configuration list for PBXProject "SteamStatistics" */ = {
			isa = XCConfigurationList;
			buildConfigurations = (
				8F61912323939A3E0038CBA8 /* Debug */,
				8F61912423939A3E0038CBA8 /* Release */,
			);
			defaultConfigurationIsVisible = 0;
			defaultConfigurationName = Release;
		};
		8F61912523939A3E0038CBA8 /* Build configuration list for PBXNativeTarget "SteamStatistics" */ = {
			isa = XCConfigurationList;
			buildConfigurations = (
				8F61912623939A3E0038CBA8 /* Debug */,
				8F61912723939A3E0038CBA8 /* Release */,
			);
			defaultConfigurationIsVisible = 0;
			defaultConfigurationName = Release;
		};
		8F61912823939A3E0038CBA8 /* Build configuration list for PBXNativeTarget "SteamStatisticsTests" */ = {
			isa = XCConfigurationList;
			buildConfigurations = (
				8F61912923939A3E0038CBA8 /* Debug */,
				8F61912A23939A3E0038CBA8 /* Release */,
			);
			defaultConfigurationIsVisible = 0;
			defaultConfigurationName = Release;
		};
		8F61912B23939A3E0038CBA8 /* Build configuration list for PBXNativeTarget "SteamStatisticsUITests" */ = {
			isa = XCConfigurationList;
			buildConfigurations = (
				8F61912C23939A3E0038CBA8 /* Debug */,
				8F61912D23939A3E0038CBA8 /* Release */,
			);
			defaultConfigurationIsVisible = 0;
			defaultConfigurationName = Release;
		};
/* End XCConfigurationList section */

/* Begin XCVersionGroup section */
		8F61910423939A3D0038CBA8 /* SteamStatistics.xcdatamodeld */ = {
			isa = XCVersionGroup;
			children = (
				8F61910523939A3D0038CBA8 /* SteamStatistics.xcdatamodel */,
			);
			currentVersion = 8F61910523939A3D0038CBA8 /* SteamStatistics.xcdatamodel */;
			path = SteamStatistics.xcdatamodeld;
			sourceTree = "<group>";
			versionGroupType = wrapper.xcdatamodel;
		};
/* End XCVersionGroup section */
	};
	rootObject = 8F6190F023939A3D0038CBA8 /* Project object */;
}
